
Microsoft Visual Studio Solution File, Format Version 12.00
# Visual Studio Version 17
VisualStudioVersion = 17.5.002.0
MinimumVisualStudioVersion = 10.0.40219.1
Project("{9A19103F-16F7-4668-BE54-9A1E7A4F7556}") = "Geometry-Guru", "Geometry-Guru.csproj", "{53526F7C-4192-49BF-AFD5-C2A2E76CB9C7}"
EndProject
Global
	GlobalSection(SolutionConfigurationPlatforms) = preSolution
		Debug|Any CPU = Debug|Any CPU
		Release|Any CPU = Release|Any CPU
	EndGlobalSection
	GlobalSection(ProjectConfigurationPlatforms) = postSolution
		{53526F7C-4192-49BF-AFD5-C2A2E76CB9C7}.Debug|Any CPU.ActiveCfg = Debug|Any CPU
		{53526F7C-4192-49BF-AFD5-C2A2E76CB9C7}.Debug|Any CPU.Build.0 = Debug|Any CPU
		{53526F7C-4192-49BF-AFD5-C2A2E76CB9C7}.Release|Any CPU.ActiveCfg = Release|Any CPU
		{53526F7C-4192-49BF-AFD5-C2A2E76CB9C7}.Release|Any CPU.Build.0 = Release|Any CPU
	EndGlobalSection
	GlobalSection(SolutionProperties) = preSolution
		HideSolutionNode = FALSE
	EndGlobalSection
	GlobalSection(ExtensibilityGlobals) = postSolution
		SolutionGuid = {5DD3F12D-F4F7-4577-9651-65AAEEBB0621}
	EndGlobalSection
EndGlobal
